{
  "name": "webdevai-mobile-backend",
  "version": "1.0.0",
  "lockfileVersion": 1,
  "requires": true,
  "dependencies": {
    "express": {
      "version": "4.17.1",
      "resolved": "https://registry.npmjs.org/express/-/express-4.17.1.tgz",
      "integrity": "sha512-+3QZj6vtrP8r0Xt4o0xUfjD6J5K5kzj9t9+3+5jxYiKt/7lFQZ3Z3CZk8Fwzv0zCGj+KXKs7R1F3+uwtl8dFwA==",
      "requires": {
        "loose-envify": "^1.1.0",
        "object-assign": "^4.1.1"
      }
    },
    "openai": {
      "version": "0.0.3",
      "resolved": "https://registry.npmjs.org/openai/-/openai-0.0.3.tgz",
      "integrity": "sha512-+3QZj6vtrP8r0Xt4o0xUfjD6J5K5kzj9t9+3+5jxYiKt/7lFQZ3Z3CZk8Fwzv0zCGj+KXKs7R1F3+uwtl8dFwA==",
      "requires": {
        "loose-envify": "^1.1.0",
        "object-assign": "^4.1.1"
      }
    },
    "stripe": {
      "version": "8.174.0",
      "resolved": "https://registry.npmjs.org/stripe/-/stripe-8.174.0.tgz",
      "integrity": "sha512-+3QZj6vtrP8r0Xt4o0xUfjD6J5K5kzj9t9+3+5jxYiKt/7lFQZ3Z3CZk8Fwzv0zCGj+KXKs7R1F3+uwtl8dFwA==",
      "requires": {
        "loose-envify": "^1.1.0",
        "object-assign": "^4.1.1"
      }
    },
    "body-parser": {
      "version": "1.19.0",
      "resolved": "https://registry.npmjs.org/body-parser/-/body-parser-1.19.0.tgz",
      "integrity": "sha512-+3QZj6vtrP8r0Xt4o0xUfjD6J5K5kzj9t9+3+5jxYiKt/7lFQZ3Z3CZk8Fwzv0zCGj+KXKs7R1F3+uwtl8dFwA==",
      "requires": {
        "loose-envify": "^1.1.0",
        "object-assign": "^4.1.1"
      }
    },
  "cors": {
    "version": "2.8.5",
    "resolved": "https://registry.npmjs.org/cors/-/cors-2.8.5.tgz",
    "integrity": "sha512-+3QZj6vtrP8r0Xt4o0xUfjD6J5K5kzj9t9+3+5jxYiKt/7lFQZ3Z3CZk8Fwzv0zCGj+KXKs7R1F3+uwtl8dFwA==",
    "requires": {
      "loose-envify": "^1.1.0",
      "object-assign": "^4.1.1"
    }
  }


}